// !$*UTF8*$!
{
	archiveVersion = 1;
	classes = {
	};
	objectVersion = 46;
	objects = {

/* Begin PBXBuildFile section */
		1D1C09201B6E92AA005EB0A9 /* AppDelegate.swift in Sources */ = {isa = PBXBuildFile; fileRef = 1D1C091F1B6E92AA005EB0A9 /* AppDelegate.swift */; };
		1D1C09221B6E92AA005EB0A9 /* LoginViewController.swift in Sources */ = {isa = PBXBuildFile; fileRef = 1D1C09211B6E92AA005EB0A9 /* LoginViewController.swift */; };
		1D1C09251B6E92AA005EB0A9 /* Main.storyboard in Resources */ = {isa = PBXBuildFile; fileRef = 1D1C09231B6E92AA005EB0A9 /* Main.storyboard */; };
		1D1C09271B6E92AA005EB0A9 /* Images.xcassets in Resources */ = {isa = PBXBuildFile; fileRef = 1D1C09261B6E92AA005EB0A9 /* Images.xcassets */; };
		1D1C092A1B6E92AA005EB0A9 /* LaunchScreen.xib in Resources */ = {isa = PBXBuildFile; fileRef = 1D1C09281B6E92AA005EB0A9 /* LaunchScreen.xib */; };
		1D1C09361B6E92AA005EB0A9 /* OnTheMapTests.swift in Sources */ = {isa = PBXBuildFile; fileRef = 1D1C09351B6E92AA005EB0A9 /* OnTheMapTests.swift */; };
		1D1C09431B6E939B005EB0A9 /* OTMClient.swift in Sources */ = {isa = PBXBuildFile; fileRef = 1D1C09421B6E939B005EB0A9 /* OTMClient.swift */; };
		1D1C09451B6E93E4005EB0A9 /* OTMConstants.swift in Sources */ = {isa = PBXBuildFile; fileRef = 1D1C09441B6E93E4005EB0A9 /* OTMConstants.swift */; };
		1D3334F11B812E4F00ED9CB8 /* MapViewController.swift in Sources */ = {isa = PBXBuildFile; fileRef = 1D3334F01B812E4F00ED9CB8 /* MapViewController.swift */; };
		1D3334F31B813DA300ED9CB8 /* TableViewController.swift in Sources */ = {isa = PBXBuildFile; fileRef = 1D3334F21B813DA300ED9CB8 /* TableViewController.swift */; };
		1D3334F51B814B4C00ED9CB8 /* StudentInformation.swift in Sources */ = {isa = PBXBuildFile; fileRef = 1D3334F41B814B4C00ED9CB8 /* StudentInformation.swift */; };
		1D3334FD1B81884F00ED9CB8 /* FBSDKShareKit.framework in Frameworks */ = {isa = PBXBuildFile; fileRef = 1D3334FC1B81884F00ED9CB8 /* FBSDKShareKit.framework */; };
		1D5CC1EF1B783FD300D1857F /* Roboto-Medium.ttf in Resources */ = {isa = PBXBuildFile; fileRef = 1D5CC1EC1B783FD300D1857F /* Roboto-Medium.ttf */; };
		1D5CC1F01B783FD300D1857F /* Roboto-Regular.ttf in Resources */ = {isa = PBXBuildFile; fileRef = 1D5CC1ED1B783FD300D1857F /* Roboto-Regular.ttf */; };
		1D5CC1F11B783FD300D1857F /* Roboto-Thin.ttf in Resources */ = {isa = PBXBuildFile; fileRef = 1D5CC1EE1B783FD300D1857F /* Roboto-Thin.ttf */; };
		1D8903FC1B82D11800DE663D /* InfoPositionViewController.swift in Sources */ = {isa = PBXBuildFile; fileRef = 1D8903FB1B82D11800DE663D /* InfoPositionViewController.swift */; };
		1D8904011B87656A00DE663D /* Reachability.swift in Sources */ = {isa = PBXBuildFile; fileRef = 1D8904001B87656A00DE663D /* Reachability.swift */; };
		1D8904061B879BB000DE663D /* OTMNWClient.swift in Sources */ = {isa = PBXBuildFile; fileRef = 1D8904051B879BB000DE663D /* OTMNWClient.swift */; };
		1D8FFCEB1B7C29A6003C6DAD /* OTMConvenience.swift in Sources */ = {isa = PBXBuildFile; fileRef = 1D8FFCEA1B7C29A6003C6DAD /* OTMConvenience.swift */; };
		1D8FFCEE1B7C4C75003C6DAD /* FBSDKLoginKit.framework in Frameworks */ = {isa = PBXBuildFile; fileRef = 1D8FFCED1B7C4C75003C6DAD /* FBSDKLoginKit.framework */; };
		1D8FFCF01B7C4D45003C6DAD /* FBSDKCoreKit.framework in Frameworks */ = {isa = PBXBuildFile; fileRef = 1D8FFCEF1B7C4D45003C6DAD /* FBSDKCoreKit.framework */; };
		1D8FFCF41B7C5D00003C6DAD /* BorderedButton.swift in Sources */ = {isa = PBXBuildFile; fileRef = 1D8FFCF31B7C5D00003C6DAD /* BorderedButton.swift */; };
/* End PBXBuildFile section */

/* Begin PBXContainerItemProxy section */
		1D1C09301B6E92AA005EB0A9 /* PBXContainerItemProxy */ = {
			isa = PBXContainerItemProxy;
			containerPortal = 1D1C09121B6E92AA005EB0A9 /* Project object */;
			proxyType = 1;
			remoteGlobalIDString = 1D1C09191B6E92AA005EB0A9;
			remoteInfo = OnTheMap;
		};
/* End PBXContainerItemProxy section */

/* Begin PBXFileReference section */
		1D1C091A1B6E92AA005EB0A9 /* OnTheMap.app */ = {isa = PBXFileReference; explicitFileType = wrapper.application; includeInIndex = 0; path = OnTheMap.app; sourceTree = BUILT_PRODUCTS_DIR; };
		1D1C091E1B6E92AA005EB0A9 /* Info.plist */ = {isa = PBXFileReference; lastKnownFileType = text.plist.xml; path = Info.plist; sourceTree = "<group>"; };
		1D1C091F1B6E92AA005EB0A9 /* AppDelegate.swift */ = {isa = PBXFileReference; lastKnownFileType = sourcecode.swift; path = AppDelegate.swift; sourceTree = "<group>"; };
		1D1C09211B6E92AA005EB0A9 /* LoginViewController.swift */ = {isa = PBXFileReference; lastKnownFileType = sourcecode.swift; path = LoginViewController.swift; sourceTree = "<group>"; };
		1D1C09241B6E92AA005EB0A9 /* Base */ = {isa = PBXFileReference; lastKnownFileType = file.storyboard; name = Base; path = Base.lproj/Main.storyboard; sourceTree = "<group>"; };
		1D1C09261B6E92AA005EB0A9 /* Images.xcassets */ = {isa = PBXFileReference; lastKnownFileType = folder.assetcatalog; path = Images.xcassets; sourceTree = "<group>"; };
		1D1C09291B6E92AA005EB0A9 /* Base */ = {isa = PBXFileReference; lastKnownFileType = file.xib; name = Base; path = Base.lproj/LaunchScreen.xib; sourceTree = "<group>"; };
		1D1C092F1B6E92AA005EB0A9 /* OnTheMapTests.xctest */ = {isa = PBXFileReference; explicitFileType = wrapper.cfbundle; includeInIndex = 0; path = OnTheMapTests.xctest; sourceTree = BUILT_PRODUCTS_DIR; };
		1D1C09341B6E92AA005EB0A9 /* Info.plist */ = {isa = PBXFileReference; lastKnownFileType = text.plist.xml; path = Info.plist; sourceTree = "<group>"; };
		1D1C09351B6E92AA005EB0A9 /* OnTheMapTests.swift */ = {isa = PBXFileReference; lastKnownFileType = sourcecode.swift; path = OnTheMapTests.swift; sourceTree = "<group>"; };
		1D1C09421B6E939B005EB0A9 /* OTMClient.swift */ = {isa = PBXFileReference; fileEncoding = 4; lastKnownFileType = sourcecode.swift; path = OTMClient.swift; sourceTree = "<group>"; };
		1D1C09441B6E93E4005EB0A9 /* OTMConstants.swift */ = {isa = PBXFileReference; fileEncoding = 4; lastKnownFileType = sourcecode.swift; path = OTMConstants.swift; sourceTree = "<group>"; };
		1D3334F01B812E4F00ED9CB8 /* MapViewController.swift */ = {isa = PBXFileReference; fileEncoding = 4; lastKnownFileType = sourcecode.swift; path = MapViewController.swift; sourceTree = "<group>"; };
		1D3334F21B813DA300ED9CB8 /* TableViewController.swift */ = {isa = PBXFileReference; fileEncoding = 4; lastKnownFileType = sourcecode.swift; path = TableViewController.swift; sourceTree = "<group>"; };
		1D3334F41B814B4C00ED9CB8 /* StudentInformation.swift */ = {isa = PBXFileReference; fileEncoding = 4; lastKnownFileType = sourcecode.swift; path = StudentInformation.swift; sourceTree = "<group>"; };
		1D3334FC1B81884F00ED9CB8 /* FBSDKShareKit.framework */ = {isa = PBXFileReference; lastKnownFileType = wrapper.framework; path = FBSDKShareKit.framework; sourceTree = "<group>"; };
		1D5CC1EC1B783FD300D1857F /* Roboto-Medium.ttf */ = {isa = PBXFileReference; lastKnownFileType = file; path = "Roboto-Medium.ttf"; sourceTree = "<group>"; };
		1D5CC1ED1B783FD300D1857F /* Roboto-Regular.ttf */ = {isa = PBXFileReference; lastKnownFileType = file; path = "Roboto-Regular.ttf"; sourceTree = "<group>"; };
		1D5CC1EE1B783FD300D1857F /* Roboto-Thin.ttf */ = {isa = PBXFileReference; lastKnownFileType = file; path = "Roboto-Thin.ttf"; sourceTree = "<group>"; };
		1D8903FB1B82D11800DE663D /* InfoPositionViewController.swift */ = {isa = PBXFileReference; fileEncoding = 4; lastKnownFileType = sourcecode.swift; path = InfoPositionViewController.swift; sourceTree = "<group>"; };
		1D8904001B87656A00DE663D /* Reachability.swift */ = {isa = PBXFileReference; fileEncoding = 4; lastKnownFileType = sourcecode.swift; path = Reachability.swift; sourceTree = "<group>"; };
		1D8904051B879BB000DE663D /* OTMNWClient.swift */ = {isa = PBXFileReference; fileEncoding = 4; lastKnownFileType = sourcecode.swift; path = OTMNWClient.swift; sourceTree = "<group>"; };
		1D8FFCEA1B7C29A6003C6DAD /* OTMConvenience.swift */ = {isa = PBXFileReference; fileEncoding = 4; lastKnownFileType = sourcecode.swift; path = OTMConvenience.swift; sourceTree = "<group>"; };
		1D8FFCED1B7C4C75003C6DAD /* FBSDKLoginKit.framework */ = {isa = PBXFileReference; lastKnownFileType = wrapper.framework; path = FBSDKLoginKit.framework; sourceTree = "<group>"; };
		1D8FFCEF1B7C4D45003C6DAD /* FBSDKCoreKit.framework */ = {isa = PBXFileReference; lastKnownFileType = wrapper.framework; path = FBSDKCoreKit.framework; sourceTree = "<group>"; };
		1D8FFCF31B7C5D00003C6DAD /* BorderedButton.swift */ = {isa = PBXFileReference; fileEncoding = 4; lastKnownFileType = sourcecode.swift; path = BorderedButton.swift; sourceTree = "<group>"; };
/* End PBXFileReference section */

/* Begin PBXFrameworksBuildPhase section */
		1D1C09171B6E92AA005EB0A9 /* Frameworks */ = {
			isa = PBXFrameworksBuildPhase;
			buildActionMask = 2147483647;
			files = (
				1D8FFCEE1B7C4C75003C6DAD /* FBSDKLoginKit.framework in Frameworks */,
				1D8FFCF01B7C4D45003C6DAD /* FBSDKCoreKit.framework in Frameworks */,
				1D3334FD1B81884F00ED9CB8 /* FBSDKShareKit.framework in Frameworks */,
			);
			runOnlyForDeploymentPostprocessing = 0;
		};
		1D1C092C1B6E92AA005EB0A9 /* Frameworks */ = {
			isa = PBXFrameworksBuildPhase;
			buildActionMask = 2147483647;
			files = (
			);
			runOnlyForDeploymentPostprocessing = 0;
		};
/* End PBXFrameworksBuildPhase section */

/* Begin PBXGroup section */
		1D1C09111B6E92AA005EB0A9 = {
			isa = PBXGroup;
			children = (
				1D1C091C1B6E92AA005EB0A9 /* OnTheMap */,
				1D1C09321B6E92AA005EB0A9 /* OnTheMapTests */,
				1D1C091B1B6E92AA005EB0A9 /* Products */,
			);
			sourceTree = "<group>";
		};
		1D1C091B1B6E92AA005EB0A9 /* Products */ = {
			isa = PBXGroup;
			children = (
				1D1C091A1B6E92AA005EB0A9 /* OnTheMap.app */,
				1D1C092F1B6E92AA005EB0A9 /* OnTheMapTests.xctest */,
			);
			name = Products;
			sourceTree = "<group>";
		};
		1D1C091C1B6E92AA005EB0A9 /* OnTheMap */ = {
			isa = PBXGroup;
			children = (
				1D8FFCEC1B7C4C51003C6DAD /* Framework */,
				1D1C091F1B6E92AA005EB0A9 /* AppDelegate.swift */,
				1D1C093F1B6E9361005EB0A9 /* Model */,
				1D5CC1EA1B75988500D1857F /* View */,
				1D5CC1EB1B75989E00D1857F /* Controller */,
				1D1C091D1B6E92AA005EB0A9 /* Supporting Files */,
			);
			path = OnTheMap;
			sourceTree = "<group>";
		};
		1D1C091D1B6E92AA005EB0A9 /* Supporting Files */ = {
			isa = PBXGroup;
			children = (
				1D1C09261B6E92AA005EB0A9 /* Images.xcassets */,
				1D8904021B8782AA00DE663D /* StoryBoard */,
				1D5CC1EC1B783FD300D1857F /* Roboto-Medium.ttf */,
				1D5CC1ED1B783FD300D1857F /* Roboto-Regular.ttf */,
				1D5CC1EE1B783FD300D1857F /* Roboto-Thin.ttf */,
				1D1C091E1B6E92AA005EB0A9 /* Info.plist */,
			);
			name = "Supporting Files";
			sourceTree = "<group>";
		};
		1D1C09321B6E92AA005EB0A9 /* OnTheMapTests */ = {
			isa = PBXGroup;
			children = (
				1D1C09351B6E92AA005EB0A9 /* OnTheMapTests.swift */,
				1D1C09331B6E92AA005EB0A9 /* Supporting Files */,
			);
			path = OnTheMapTests;
			sourceTree = "<group>";
		};
		1D1C09331B6E92AA005EB0A9 /* Supporting Files */ = {
			isa = PBXGroup;
			children = (
				1D1C09341B6E92AA005EB0A9 /* Info.plist */,
			);
			name = "Supporting Files";
			sourceTree = "<group>";
		};
		1D1C093F1B6E9361005EB0A9 /* Model */ = {
			isa = PBXGroup;
			children = (
				1D1C09401B6E9371005EB0A9 /* Clients */,
			);
			name = Model;
			sourceTree = "<group>";
		};
		1D1C09401B6E9371005EB0A9 /* Clients */ = {
			isa = PBXGroup;
			children = (
				1D8903FF1B87655400DE663D /* Network */,
				1D1C09411B6E937C005EB0A9 /* OTM */,
			);
			name = Clients;
			sourceTree = "<group>";
		};
		1D1C09411B6E937C005EB0A9 /* OTM */ = {
			isa = PBXGroup;
			children = (
				1D1C09421B6E939B005EB0A9 /* OTMClient.swift */,
				1D8904051B879BB000DE663D /* OTMNWClient.swift */,
				1D8FFCEA1B7C29A6003C6DAD /* OTMConvenience.swift */,
				1D1C09441B6E93E4005EB0A9 /* OTMConstants.swift */,
				1D3334F41B814B4C00ED9CB8 /* StudentInformation.swift */,
			);
			name = OTM;
			sourceTree = "<group>";
		};
		1D5CC1EA1B75988500D1857F /* View */ = {
			isa = PBXGroup;
			children = (
				1D8FFCF31B7C5D00003C6DAD /* BorderedButton.swift */,
			);
			name = View;
			sourceTree = "<group>";
		};
		1D5CC1EB1B75989E00D1857F /* Controller */ = {
			isa = PBXGroup;
			children = (
				1D1C09211B6E92AA005EB0A9 /* LoginViewController.swift */,
				1D3334F01B812E4F00ED9CB8 /* MapViewController.swift */,
				1D3334F21B813DA300ED9CB8 /* TableViewController.swift */,
				1D8903FB1B82D11800DE663D /* InfoPositionViewController.swift */,
			);
			name = Controller;
			sourceTree = "<group>";
		};
		1D8903FF1B87655400DE663D /* Network */ = {
			isa = PBXGroup;
			children = (
				1D8904001B87656A00DE663D /* Reachability.swift */,
			);
			name = Network;
			sourceTree = "<group>";
		};
		1D8904021B8782AA00DE663D /* StoryBoard */ = {
			isa = PBXGroup;
			children = (
				1D1C09231B6E92AA005EB0A9 /* Main.storyboard */,
				1D1C09281B6E92AA005EB0A9 /* LaunchScreen.xib */,
			);
			name = StoryBoard;
			sourceTree = "<group>";
		};
		1D8FFCEC1B7C4C51003C6DAD /* Framework */ = {
			isa = PBXGroup;
			children = (
				1D3334FC1B81884F00ED9CB8 /* FBSDKShareKit.framework */,
				1D8FFCEF1B7C4D45003C6DAD /* FBSDKCoreKit.framework */,
				1D8FFCED1B7C4C75003C6DAD /* FBSDKLoginKit.framework */,
			);
			name = Framework;
			sourceTree = "<group>";
		};
/* End PBXGroup section */

/* Begin PBXNativeTarget section */
		1D1C09191B6E92AA005EB0A9 /* OnTheMap */ = {
			isa = PBXNativeTarget;
			buildConfigurationList = 1D1C09391B6E92AA005EB0A9 /* Build configuration list for PBXNativeTarget "OnTheMap" */;
			buildPhases = (
				1D1C09161B6E92AA005EB0A9 /* Sources */,
				1D1C09171B6E92AA005EB0A9 /* Frameworks */,
				1D1C09181B6E92AA005EB0A9 /* Resources */,
			);
			buildRules = (
			);
			dependencies = (
			);
			name = OnTheMap;
			productName = OnTheMap;
			productReference = 1D1C091A1B6E92AA005EB0A9 /* OnTheMap.app */;
			productType = "com.apple.product-type.application";
		};
		1D1C092E1B6E92AA005EB0A9 /* OnTheMapTests */ = {
			isa = PBXNativeTarget;
			buildConfigurationList = 1D1C093C1B6E92AA005EB0A9 /* Build configuration list for PBXNativeTarget "OnTheMapTests" */;
			buildPhases = (
				1D1C092B1B6E92AA005EB0A9 /* Sources */,
				1D1C092C1B6E92AA005EB0A9 /* Frameworks */,
				1D1C092D1B6E92AA005EB0A9 /* Resources */,
			);
			buildRules = (
			);
			dependencies = (
				1D1C09311B6E92AA005EB0A9 /* PBXTargetDependency */,
			);
			name = OnTheMapTests;
			productName = OnTheMapTests;
			productReference = 1D1C092F1B6E92AA005EB0A9 /* OnTheMapTests.xctest */;
			productType = "com.apple.product-type.bundle.unit-test";
		};
/* End PBXNativeTarget section */

/* Begin PBXProject section */
		1D1C09121B6E92AA005EB0A9 /* Project object */ = {
			isa = PBXProject;
			attributes = {
				LastUpgradeCheck = 0640;
				ORGANIZATIONNAME = "Vikas Varma";
				TargetAttributes = {
					1D1C09191B6E92AA005EB0A9 = {
						CreatedOnToolsVersion = 6.4;
					};
					1D1C092E1B6E92AA005EB0A9 = {
						CreatedOnToolsVersion = 6.4;
						TestTargetID = 1D1C09191B6E92AA005EB0A9;
					};
				};
			};
			buildConfigurationList = 1D1C09151B6E92AA005EB0A9 /* Build configuration list for PBXProject "OnTheMap" */;
			compatibilityVersion = "Xcode 3.2";
			developmentRegion = English;
			hasScannedForEncodings = 0;
			knownRegions = (
				en,
				Base,
			);
			mainGroup = 1D1C09111B6E92AA005EB0A9;
			productRefGroup = 1D1C091B1B6E92AA005EB0A9 /* Products */;
			projectDirPath = "";
			projectRoot = "";
			targets = (
				1D1C09191B6E92AA005EB0A9 /* OnTheMap */,
				1D1C092E1B6E92AA005EB0A9 /* OnTheMapTests */,
			);
		};
/* End PBXProject section */

/* Begin PBXResourcesBuildPhase section */
		1D1C09181B6E92AA005EB0A9 /* Resources */ = {
			isa = PBXResourcesBuildPhase;
			buildActionMask = 2147483647;
			files = (
				1D5CC1EF1B783FD300D1857F /* Roboto-Medium.ttf in Resources */,
				1D1C09251B6E92AA005EB0A9 /* Main.storyboard in Resources */,
				1D5CC1F11B783FD300D1857F /* Roboto-Thin.ttf in Resources */,
				1D5CC1F01B783FD300D1857F /* Roboto-Regular.ttf in Resources */,
				1D1C092A1B6E92AA005EB0A9 /* LaunchScreen.xib in Resources */,
				1D1C09271B6E92AA005EB0A9 /* Images.xcassets in Resources */,
			);
			runOnlyForDeploymentPostprocessing = 0;
		};
		1D1C092D1B6E92AA005EB0A9 /* Resources */ = {
			isa = PBXResourcesBuildPhase;
			buildActionMask = 2147483647;
			files = (
			);
			runOnlyForDeploymentPostprocessing = 0;
		};
/* End PBXResourcesBuildPhase section */

/* Begin PBXSourcesBuildPhase section */
		1D1C09161B6E92AA005EB0A9 /* Sources */ = {
			isa = PBXSourcesBuildPhase;
			buildActionMask = 2147483647;
			files = (
				1D8FFCEB1B7C29A6003C6DAD /* OTMConvenience.swift in Sources */,
				1D1C09221B6E92AA005EB0A9 /* LoginViewController.swift in Sources */,
				1D8FFCF41B7C5D00003C6DAD /* BorderedButton.swift in Sources */,
				1D3334F31B813DA300ED9CB8 /* TableViewController.swift in Sources */,
				1D8904061B879BB000DE663D /* OTMNWClient.swift in Sources */,
				1D8903FC1B82D11800DE663D /* InfoPositionViewController.swift in Sources */,
				1D1C09431B6E939B005EB0A9 /* OTMClient.swift in Sources */,
				1D1C09451B6E93E4005EB0A9 /* OTMConstants.swift in Sources */,
				1D8904011B87656A00DE663D /* Reachability.swift in Sources */,
				1D3334F51B814B4C00ED9CB8 /* StudentInformation.swift in Sources */,
				1D1C09201B6E92AA005EB0A9 /* AppDelegate.swift in Sources */,
				1D3334F11B812E4F00ED9CB8 /* MapViewController.swift in Sources */,
			);
			runOnlyForDeploymentPostprocessing = 0;
		};
		1D1C092B1B6E92AA005EB0A9 /* Sources */ = {
			isa = PBXSourcesBuildPhase;
			buildActionMask = 2147483647;
			files = (
				1D1C09361B6E92AA005EB0A9 /* OnTheMapTests.swift in Sources */,
			);
			runOnlyForDeploymentPostprocessing = 0;
		};
/* End PBXSourcesBuildPhase section */

/* Begin PBXTargetDependency section */
		1D1C09311B6E92AA005EB0A9 /* PBXTargetDependency */ = {
			isa = PBXTargetDependency;
			target = 1D1C09191B6E92AA005EB0A9 /* OnTheMap */;
			targetProxy = 1D1C09301B6E92AA005EB0A9 /* PBXContainerItemProxy */;
		};
/* End PBXTargetDependency section */

/* Begin PBXVariantGroup section */
		1D1C09231B6E92AA005EB0A9 /* Main.storyboard */ = {
			isa = PBXVariantGroup;
			children = (
				1D1C09241B6E92AA005EB0A9 /* Base */,
			);
			name = Main.storyboard;
			sourceTree = "<group>";
		};
		1D1C09281B6E92AA005EB0A9 /* LaunchScreen.xib */ = {
			isa = PBXVariantGroup;
			children = (
				1D1C09291B6E92AA005EB0A9 /* Base */,
			);
			name = LaunchScreen.xib;
			sourceTree = "<group>";
		};
/* End PBXVariantGroup section */

/* Begin XCBuildConfiguration section */
		1D1C09371B6E92AA005EB0A9 /* Debug */ = {
			isa = XCBuildConfiguration;
			buildSettings = {
				ALWAYS_SEARCH_USER_PATHS = NO;
				CLANG_CXX_LANGUAGE_STANDARD = "gnu++0x";
				CLANG_CXX_LIBRARY = "libc++";
				CLANG_ENABLE_MODULES = YES;
				CLANG_ENABLE_OBJC_ARC = YES;
				CLANG_WARN_BOOL_CONVERSION = YES;
				CLANG_WARN_CONSTANT_CONVERSION = YES;
				CLANG_WARN_DIRECT_OBJC_ISA_USAGE = YES_ERROR;
				CLANG_WARN_EMPTY_BODY = YES;
				CLANG_WARN_ENUM_CONVERSION = YES;
				CLANG_WARN_INT_CONVERSION = YES;
				CLANG_WARN_OBJC_ROOT_CLASS = YES_ERROR;
				CLANG_WARN_UNREACHABLE_CODE = YES;
				CLANG_WARN__DUPLICATE_METHOD_MATCH = YES;
				"CODE_SIGN_IDENTITY[sdk=iphoneos*]" = "iPhone Developer";
				COPY_PHASE_STRIP = NO;
				DEBUG_INFORMATION_FORMAT = "dwarf-with-dsym";
				ENABLE_STRICT_OBJC_MSGSEND = YES;
				GCC_C_LANGUAGE_STANDARD = gnu99;
				GCC_DYNAMIC_NO_PIC = NO;
				GCC_NO_COMMON_BLOCKS = YES;
				GCC_OPTIMIZATION_LEVEL = 0;
				GCC_PREPROCESSOR_DEFINITIONS = (
					"DEBUG=1",
					"$(inherited)",
				);
				GCC_SYMBOLS_PRIVATE_EXTERN = NO;
				GCC_WARN_64_TO_32_BIT_CONVERSION = YES;
				GCC_WARN_ABOUT_RETURN_TYPE = YES_ERROR;
				GCC_WARN_UNDECLARED_SELECTOR = YES;
				GCC_WARN_UNINITIALIZED_AUTOS = YES_AGGRESSIVE;
				GCC_WARN_UNUSED_FUNCTION = YES;
				GCC_WARN_UNUSED_VARIABLE = YES;
				IPHONEOS_DEPLOYMENT_TARGET = 8.4;
				MTL_ENABLE_DEBUG_INFO = YES;
				ONLY_ACTIVE_ARCH = YES;
				SDKROOT = iphoneos;
				SWIFT_OPTIMIZATION_LEVEL = "-Onone";
			};
			name = Debug;
		};
		1D1C09381B6E92AA005EB0A9 /* Release */ = {
			isa = XCBuildConfiguration;
			buildSettings = {
				ALWAYS_SEARCH_USER_PATHS = NO;
				CLANG_CXX_LANGUAGE_STANDARD = "gnu++0x";
				CLANG_CXX_LIBRARY = "libc++";
				CLANG_ENABLE_MODULES = YES;
				CLANG_ENABLE_OBJC_ARC = YES;
				CLANG_WARN_BOOL_CONVERSION = YES;
				CLANG_WARN_CONSTANT_CONVERSION = YES;
				CLANG_WARN_DIRECT_OBJC_ISA_USAGE = YES_ERROR;
				CLANG_WARN_EMPTY_BODY = YES;
				CLANG_WARN_ENUM_CONVERSION = YES;
				CLANG_WARN_INT_CONVERSION = YES;
				CLANG_WARN_OBJC_ROOT_CLASS = YES_ERROR;
				CLANG_WARN_UNREACHABLE_CODE = YES;
				CLANG_WARN__DUPLICATE_METHOD_MATCH = YES;
				"CODE_SIGN_IDENTITY[sdk=iphoneos*]" = "iPhone Developer";
				COPY_PHASE_STRIP = NO;
				DEBUG_INFORMATION_FORMAT = "dwarf-with-dsym";
				ENABLE_NS_ASSERTIONS = NO;
				ENABLE_STRICT_OBJC_MSGSEND = YES;
				GCC_C_LANGUAGE_STANDARD = gnu99;
				GCC_NO_COMMON_BLOCKS = YES;
				GCC_WARN_64_TO_32_BIT_CONVERSION = YES;
				GCC_WARN_ABOUT_RETURN_TYPE = YES_ERROR;
				GCC_WARN_UNDECLARED_SELECTOR = YES;
				GCC_WARN_UNINITIALIZED_AUTOS = YES_AGGRESSIVE;
				GCC_WARN_UNUSED_FUNCTION = YES;
				GCC_WARN_UNUSED_VARIABLE = YES;
				IPHONEOS_DEPLOYMENT_TARGET = 8.4;
				MTL_ENABLE_DEBUG_INFO = NO;
				SDKROOT = iphoneos;
				VALIDATE_PRODUCT = YES;
			};
			name = Release;
		};
		1D1C093A1B6E92AA005EB0A9 /* Debug */ = {
			isa = XCBuildConfiguration;
			buildSettings = {
				ASSETCATALOG_COMPILER_APPICON_NAME = AppIcon;
				FRAMEWORK_SEARCH_PATHS = (
					"$(inherited)",
					"$(PROJECT_DIR)/OnTheMap",
				);
				INFOPLIST_FILE = OnTheMap/Info.plist;
				LD_RUNPATH_SEARCH_PATHS = "$(inherited) @executable_path/Frameworks";
				PRODUCT_NAME = "$(TARGET_NAME)";
			};
			name = Debug;
		};
		1D1C093B1B6E92AA005EB0A9 /* Release */ = {
			isa = XCBuildConfiguration;
			buildSettings = {
				ASSETCATALOG_COMPILER_APPICON_NAME = AppIcon;
				FRAMEWORK_SEARCH_PATHS = (
					"$(inherited)",
					"$(PROJECT_DIR)/OnTheMap",
				);
				INFOPLIST_FILE = OnTheMap/Info.plist;
				LD_RUNPATH_SEARCH_PATHS = "$(inherited) @executable_path/Frameworks";
				PRODUCT_NAME = "$(TARGET_NAME)";
			};
			name = Release;
		};
		1D1C093D1B6E92AA005EB0A9 /* Debug */ = {
			isa = XCBuildConfiguration;
			buildSettings = {
				BUNDLE_LOADER = "$(TEST_HOST)";
				FRAMEWORK_SEARCH_PATHS = (
					"$(SDKROOT)/Developer/Library/Frameworks",
					"$(inherited)",
				);
				GCC_PREPROCESSOR_DEFINITIONS = (
					"DEBUG=1",
					"$(inherited)",
				);
				INFOPLIST_FILE = OnTheMapTests/Info.plist;
				LD_RUNPATH_SEARCH_PATHS = "$(inherited) @executable_path/Frameworks @loader_path/Frameworks";
				PRODUCT_NAME = "$(TARGET_NAME)";
				TEST_HOST = "$(BUILT_PRODUCTS_DIR)/OnTheMap.app/OnTheMap";
			};
			name = Debug;
		};
		1D1C093E1B6E92AA005EB0A9 /* Release */ = {
			isa = XCBuildConfiguration;
			buildSettings = {
				BUNDLE_LOADER = "$(TEST_HOST)";
				FRAMEWORK_SEARCH_PATHS = (
					"$(SDKROOT)/Developer/Library/Frameworks",
					"$(inherited)",
				);
				INFOPLIST_FILE = OnTheMapTests/Info.plist;
				LD_RUNPATH_SEARCH_PATHS = "$(inherited) @executable_path/Frameworks @loader_path/Frameworks";
				PRODUCT_NAME = "$(TARGET_NAME)";
				TEST_HOST = "$(BUILT_PRODUCTS_DIR)/OnTheMap.app/OnTheMap";
			};
			name = Release;
		};
/* End XCBuildConfiguration section */

/* Begin XCConfigurationList section */
		1D1C09151B6E92AA005EB0A9 /* Build configuration list for PBXProject "OnTheMap" */ = {
			isa = XCConfigurationList;
			buildConfigurations = (
				1D1C09371B6E92AA005EB0A9 /* Debug */,
				1D1C09381B6E92AA005EB0A9 /* Release */,
			);
			defaultConfigurationIsVisible = 0;
			defaultConfigurationName = Release;
		};
		1D1C09391B6E92AA005EB0A9 /* Build configuration list for PBXNativeTarget "OnTheMap" */ = {
			isa = XCConfigurationList;
			buildConfigurations = (
				1D1C093A1B6E92AA005EB0A9 /* Debug */,
				1D1C093B1B6E92AA005EB0A9 /* Release */,
			);
			defaultConfigurationIsVisible = 0;
			defaultConfigurationName = Release;
		};
		1D1C093C1B6E92AA005EB0A9 /* Build configuration list for PBXNativeTarget "OnTheMapTests" */ = {
			isa = XCConfigurationList;
			buildConfigurations = (
				1D1C093D1B6E92AA005EB0A9 /* Debug */,
				1D1C093E1B6E92AA005EB0A9 /* Release */,
			);
			defaultConfigurationIsVisible = 0;
			defaultConfigurationName = Release;
		};
/* End XCConfigurationList section */
	};
	rootObject = 1D1C09121B6E92AA005EB0A9 /* Project object */;
}
